
Microsoft Visual Studio Solution File, Format Version 12.00
# Visual Studio Version 17
VisualStudioVersion = 17.3.32901.215
MinimumVisualStudioVersion = 10.0.40219.1
Project("{9A19103F-16F7-4668-BE54-9A1E7A4F7556}") = "ism7mqtt", "src\ism7mqtt\ism7mqtt.csproj", "{B7E33C2D-9BC2-4864-BC11-917C33EA0874}"
EndProject
Project("{9A19103F-16F7-4668-BE54-9A1E7A4F7556}") = "ism7proxy", "src\ism7proxy\ism7proxy.csproj", "{D2C1B231-0A5B-4199-B752-831AED6A3650}"
EndProject
Project("{9A19103F-16F7-4668-BE54-9A1E7A4F7556}") = "ism7config", "src\ism7config\ism7config.csproj", "{D5848B3A-B1BB-4A46-BF78-B994343B67C8}"
EndProject
Project("{FAE04EC0-301F-11D3-BF4B-00C04F79EFBC}") = "ism7ssl", "src\ism7ssl\ism7ssl.csproj", "{EF9C061A-CD3E-477A-BC3D-E22BBAD8DA6A}"
EndProject
Global
	GlobalSection(SolutionConfigurationPlatforms) = preSolution
		Debug|Any CPU = Debug|Any CPU
		Release|Any CPU = Release|Any CPU
	EndGlobalSection
	GlobalSection(ProjectConfigurationPlatforms) = postSolution
		{B7E33C2D-9BC2-4864-BC11-917C33EA0874}.Debug|Any CPU.ActiveCfg = Debug|Any CPU
		{B7E33C2D-9BC2-4864-BC11-917C33EA0874}.Debug|Any CPU.Build.0 = Debug|Any CPU
		{B7E33C2D-9BC2-4864-BC11-917C33EA0874}.Release|Any CPU.ActiveCfg = Release|Any CPU
		{B7E33C2D-9BC2-4864-BC11-917C33EA0874}.Release|Any CPU.Build.0 = Release|Any CPU
		{D2C1B231-0A5B-4199-B752-831AED6A3650}.Debug|Any CPU.ActiveCfg = Debug|Any CPU
		{D2C1B231-0A5B-4199-B752-831AED6A3650}.Debug|Any CPU.Build.0 = Debug|Any CPU
		{D2C1B231-0A5B-4199-B752-831AED6A3650}.Release|Any CPU.ActiveCfg = Release|Any CPU
		{D2C1B231-0A5B-4199-B752-831AED6A3650}.Release|Any CPU.Build.0 = Release|Any CPU
		{D5848B3A-B1BB-4A46-BF78-B994343B67C8}.Debug|Any CPU.ActiveCfg = Debug|Any CPU
		{D5848B3A-B1BB-4A46-BF78-B994343B67C8}.Debug|Any CPU.Build.0 = Debug|Any CPU
		{D5848B3A-B1BB-4A46-BF78-B994343B67C8}.Release|Any CPU.ActiveCfg = Release|Any CPU
		{D5848B3A-B1BB-4A46-BF78-B994343B67C8}.Release|Any CPU.Build.0 = Release|Any CPU
		{EF9C061A-CD3E-477A-BC3D-E22BBAD8DA6A}.Debug|Any CPU.ActiveCfg = Debug|Any CPU
		{EF9C061A-CD3E-477A-BC3D-E22BBAD8DA6A}.Debug|Any CPU.Build.0 = Debug|Any CPU
		{EF9C061A-CD3E-477A-BC3D-E22BBAD8DA6A}.Release|Any CPU.ActiveCfg = Release|Any CPU
		{EF9C061A-CD3E-477A-BC3D-E22BBAD8DA6A}.Release|Any CPU.Build.0 = Release|Any CPU
	EndGlobalSection
	GlobalSection(SolutionProperties) = preSolution
		HideSolutionNode = FALSE
	EndGlobalSection
	GlobalSection(ExtensibilityGlobals) = postSolution
		SolutionGuid = {9AF57F15-580E-4601-91B0-77BDD61E3804}
	EndGlobalSection
EndGlobal
